
Microsoft Visual Studio Solution File, Format Version 12.00
# Visual Studio Version 17
VisualStudioVersion = 17.2.32602.215
MinimumVisualStudioVersion = 10.0.40219.1
Project("{FAE04EC0-301F-11D3-BF4B-00C04F79EFBC}") = "TaskTutorial", "TaskTutorial\TaskTutorial.csproj", "{0E7B9EB0-7AD5-4213-92AA-68763978CD7D}"
EndProject
Global
	GlobalSection(SolutionConfigurationPlatforms) = preSolution
		Debug|Any CPU = Debug|Any CPU
		Release|Any CPU = Release|Any CPU
	EndGlobalSection
	GlobalSection(ProjectConfigurationPlatforms) = postSolution
		{0E7B9EB0-7AD5-4213-92AA-68763978CD7D}.Debug|Any CPU.ActiveCfg = Debug|Any CPU
		{0E7B9EB0-7AD5-4213-92AA-68763978CD7D}.Debug|Any CPU.Build.0 = Debug|Any CPU
		{0E7B9EB0-7AD5-4213-92AA-68763978CD7D}.Release|Any CPU.ActiveCfg = Release|Any CPU
		{0E7B9EB0-7AD5-4213-92AA-68763978CD7D}.Release|Any CPU.Build.0 = Release|Any CPU
	EndGlobalSection
	GlobalSection(SolutionProperties) = preSolution
		HideSolutionNode = FALSE
	EndGlobalSection
	GlobalSection(ExtensibilityGlobals) = postSolution
		SolutionGuid = {D0732618-6434-47B1-9E16-E96F3C879E66}
	EndGlobalSection
EndGlobal
